// !$*UTF8*$!
{
	archiveVersion = 1;
	classes = {
	};
	objectVersion = 55;
	objects = {

/* Begin PBXBuildFile section */
		857BF46E27790A7F001FCC24 /* AppDelegate.swift in Sources */ = {isa = PBXBuildFile; fileRef = 857BF46D27790A7F001FCC24 /* AppDelegate.swift */; };
		857BF47027790A7F001FCC24 /* SceneDelegate.swift in Sources */ = {isa = PBXBuildFile; fileRef = 857BF46F27790A7F001FCC24 /* SceneDelegate.swift */; };
		857BF47227790A7F001FCC24 /* ViewController.swift in Sources */ = {isa = PBXBuildFile; fileRef = 857BF47127790A7F001FCC24 /* ViewController.swift */; };
		857BF47527790A7F001FCC24 /* Main.storyboard in Resources */ = {isa = PBXBuildFile; fileRef = 857BF47327790A7F001FCC24 /* Main.storyboard */; };
		857BF47827790A7F001FCC24 /* Sports_Application.xcdatamodeld in Sources */ = {isa = PBXBuildFile; fileRef = 857BF47627790A7F001FCC24 /* Sports_Application.xcdatamodeld */; };
		857BF47A27790A84001FCC24 /* Assets.xcassets in Resources */ = {isa = PBXBuildFile; fileRef = 857BF47927790A84001FCC24 /* Assets.xcassets */; };
		857BF47D27790A84001FCC24 /* LaunchScreen.storyboard in Resources */ = {isa = PBXBuildFile; fileRef = 857BF47B27790A84001FCC24 /* LaunchScreen.storyboard */; };
/* End PBXBuildFile section */

/* Begin PBXFileReference section */
		857BF46A27790A7F001FCC24 /* Sports Application.app */ = {isa = PBXFileReference; explicitFileType = wrapper.application; includeInIndex = 0; path = "Sports Application.app"; sourceTree = BUILT_PRODUCTS_DIR; };
		857BF46D27790A7F001FCC24 /* AppDelegate.swift */ = {isa = PBXFileReference; lastKnownFileType = sourcecode.swift; path = AppDelegate.swift; sourceTree = "<group>"; };
		857BF46F27790A7F001FCC24 /* SceneDelegate.swift */ = {isa = PBXFileReference; lastKnownFileType = sourcecode.swift; path = SceneDelegate.swift; sourceTree = "<group>"; };
		857BF47127790A7F001FCC24 /* ViewController.swift */ = {isa = PBXFileReference; lastKnownFileType = sourcecode.swift; path = ViewController.swift; sourceTree = "<group>"; };
		857BF47427790A7F001FCC24 /* Base */ = {isa = PBXFileReference; lastKnownFileType = file.storyboard; name = Base; path = Base.lproj/Main.storyboard; sourceTree = "<group>"; };
		857BF47727790A7F001FCC24 /* Sports_Application.xcdatamodel */ = {isa = PBXFileReference; lastKnownFileType = wrapper.xcdatamodel; path = Sports_Application.xcdatamodel; sourceTree = "<group>"; };
		857BF47927790A84001FCC24 /* Assets.xcassets */ = {isa = PBXFileReference; lastKnownFileType = folder.assetcatalog; path = Assets.xcassets; sourceTree = "<group>"; };
		857BF47C27790A84001FCC24 /* Base */ = {isa = PBXFileReference; lastKnownFileType = file.storyboard; name = Base; path = Base.lproj/LaunchScreen.storyboard; sourceTree = "<group>"; };
		857BF47E27790A84001FCC24 /* Info.plist */ = {isa = PBXFileReference; lastKnownFileType = text.plist.xml; path = Info.plist; sourceTree = "<group>"; };
/* End PBXFileReference section */

/* Begin PBXFrameworksBuildPhase section */
		857BF46727790A7F001FCC24 /* Frameworks */ = {
			isa = PBXFrameworksBuildPhase;
			buildActionMask = 2147483647;
			files = (
			);
			runOnlyForDeploymentPostprocessing = 0;
		};
/* End PBXFrameworksBuildPhase section */

/* Begin PBXGroup section */
		857BF46127790A7F001FCC24 = {
			isa = PBXGroup;
			children = (
				857BF46C27790A7F001FCC24 /* Sports Application */,
				857BF46B27790A7F001FCC24 /* Products */,
			);
			sourceTree = "<group>";
		};
		857BF46B27790A7F001FCC24 /* Products */ = {
			isa = PBXGroup;
			children = (
				857BF46A27790A7F001FCC24 /* Sports Application.app */,
			);
			name = Products;
			sourceTree = "<group>";
		};
		857BF46C27790A7F001FCC24 /* Sports Application */ = {
			isa = PBXGroup;
			children = (
				857BF46D27790A7F001FCC24 /* AppDelegate.swift */,
				857BF46F27790A7F001FCC24 /* SceneDelegate.swift */,
				857BF47127790A7F001FCC24 /* ViewController.swift */,
				857BF47327790A7F001FCC24 /* Main.storyboard */,
				857BF47927790A84001FCC24 /* Assets.xcassets */,
				857BF47B27790A84001FCC24 /* LaunchScreen.storyboard */,
				857BF47E27790A84001FCC24 /* Info.plist */,
				857BF47627790A7F001FCC24 /* Sports_Application.xcdatamodeld */,
			);
			path = "Sports Application";
			sourceTree = "<group>";
		};
/* End PBXGroup section */

/* Begin PBXNativeTarget section */
		857BF46927790A7F001FCC24 /* Sports Application */ = {
			isa = PBXNativeTarget;
			buildConfigurationList = 857BF48127790A84001FCC24 /* Build configuration list for PBXNativeTarget "Sports Application" */;
			buildPhases = (
				857BF46627790A7F001FCC24 /* Sources */,
				857BF46727790A7F001FCC24 /* Frameworks */,
				857BF46827790A7F001FCC24 /* Resources */,
			);
			buildRules = (
			);
			dependencies = (
			);
			name = "Sports Application";
			productName = "Sports Application";
			productReference = 857BF46A27790A7F001FCC24 /* Sports Application.app */;
			productType = "com.apple.product-type.application";
		};
/* End PBXNativeTarget section */

/* Begin PBXProject section */
		857BF46227790A7F001FCC24 /* Project object */ = {
			isa = PBXProject;
			attributes = {
				BuildIndependentTargetsInParallel = 1;
				LastSwiftUpdateCheck = 1310;
				LastUpgradeCheck = 1310;
				TargetAttributes = {
					857BF46927790A7F001FCC24 = {
						CreatedOnToolsVersion = 13.1;
					};
				};
			};
			buildConfigurationList = 857BF46527790A7F001FCC24 /* Build configuration list for PBXProject "Sports Application" */;
			compatibilityVersion = "Xcode 13.0";
			developmentRegion = en;
			hasScannedForEncodings = 0;
			knownRegions = (
				en,
				Base,
			);
			mainGroup = 857BF46127790A7F001FCC24;
			productRefGroup = 857BF46B27790A7F001FCC24 /* Products */;
			projectDirPath = "";
			projectRoot = "";
			targets = (
				857BF46927790A7F001FCC24 /* Sports Application */,
			);
		};
/* End PBXProject section */

/* Begin PBXResourcesBuildPhase section */
		857BF46827790A7F001FCC24 /* Resources */ = {
			isa = PBXResourcesBuildPhase;
			buildActionMask = 2147483647;
			files = (
				857BF47D27790A84001FCC24 /* LaunchScreen.storyboard in Resources */,
				857BF47A27790A84001FCC24 /* Assets.xcassets in Resources */,
				857BF47527790A7F001FCC24 /* Main.storyboard in Resources */,
			);
			runOnlyForDeploymentPostprocessing = 0;
		};
/* End PBXResourcesBuildPhase section */

/* Begin PBXSourcesBuildPhase section */
		857BF46627790A7F001FCC24 /* Sources */ = {
			isa = PBXSourcesBuildPhase;
			buildActionMask = 2147483647;
			files = (
				857BF47227790A7F001FCC24 /* ViewController.swift in Sources */,
				857BF47827790A7F001FCC24 /* Sports_Application.xcdatamodeld in Sources */,
				857BF46E27790A7F001FCC24 /* AppDelegate.swift in Sources */,
				857BF47027790A7F001FCC24 /* SceneDelegate.swift in Sources */,
			);
			runOnlyForDeploymentPostprocessing = 0;
		};
/* End PBXSourcesBuildPhase section */

/* Begin PBXVariantGroup section */
		857BF47327790A7F001FCC24 /* Main.storyboard */ = {
			isa = PBXVariantGroup;
			children = (
				857BF47427790A7F001FCC24 /* Base */,
			);
			name = Main.storyboard;
			sourceTree = "<group>";
		};
		857BF47B27790A84001FCC24 /* LaunchScreen.storyboard */ = {
			isa = PBXVariantGroup;
			children = (
				857BF47C27790A84001FCC24 /* Base */,
			);
			name = LaunchScreen.storyboard;
			sourceTree = "<group>";
		};
/* End PBXVariantGroup section */

/* Begin XCBuildConfiguration section */
		857BF47F27790A84001FCC24 /* Debug */ = {
			isa = XCBuildConfiguration;
			buildSettings = {
				ALWAYS_SEARCH_USER_PATHS = NO;
				CLANG_ANALYZER_NONNULL = YES;
				CLANG_ANALYZER_NUMBER_OBJECT_CONVERSION = YES_AGGRESSIVE;
				CLANG_CXX_LANGUAGE_STANDARD = "gnu++17";
				CLANG_CXX_LIBRARY = "libc++";
				CLANG_ENABLE_MODULES = YES;
				CLANG_ENABLE_OBJC_ARC = YES;
				CLANG_ENABLE_OBJC_WEAK = YES;
				CLANG_WARN_BLOCK_CAPTURE_AUTORELEASING = YES;
				CLANG_WARN_BOOL_CONVERSION = YES;
				CLANG_WARN_COMMA = YES;
				CLANG_WARN_CONSTANT_CONVERSION = YES;
				CLANG_WARN_DEPRECATED_OBJC_IMPLEMENTATIONS = YES;
				CLANG_WARN_DIRECT_OBJC_ISA_USAGE = YES_ERROR;
				CLANG_WARN_DOCUMENTATION_COMMENTS = YES;
				CLANG_WARN_EMPTY_BODY = YES;
				CLANG_WARN_ENUM_CONVERSION = YES;
				CLANG_WARN_INFINITE_RECURSION = YES;
				CLANG_WARN_INT_CONVERSION = YES;
				CLANG_WARN_NON_LITERAL_NULL_CONVERSION = YES;
				CLANG_WARN_OBJC_IMPLICIT_RETAIN_SELF = YES;
				CLANG_WARN_OBJC_LITERAL_CONVERSION = YES;
				CLANG_WARN_OBJC_ROOT_CLASS = YES_ERROR;
				CLANG_WARN_QUOTED_INCLUDE_IN_FRAMEWORK_HEADER = YES;
				CLANG_WARN_RANGE_LOOP_ANALYSIS = YES;
				CLANG_WARN_STRICT_PROTOTYPES = YES;
				CLANG_WARN_SUSPICIOUS_MOVE = YES;
				CLANG_WARN_UNGUARDED_AVAILABILITY = YES_AGGRESSIVE;
				CLANG_WARN_UNREACHABLE_CODE = YES;
				CLANG_WARN__DUPLICATE_METHOD_MATCH = YES;
				COPY_PHASE_STRIP = NO;
				DEBUG_INFORMATION_FORMAT = dwarf;
				ENABLE_STRICT_OBJC_MSGSEND = YES;
				ENABLE_TESTABILITY = YES;
				GCC_C_LANGUAGE_STANDARD = gnu11;
				GCC_DYNAMIC_NO_PIC = NO;
				GCC_NO_COMMON_BLOCKS = YES;
				GCC_OPTIMIZATION_LEVEL = 0;
				GCC_PREPROCESSOR_DEFINITIONS = (
					"DEBUG=1",
					"$(inherited)",
				);
				GCC_WARN_64_TO_32_BIT_CONVERSION = YES;
				GCC_WARN_ABOUT_RETURN_TYPE = YES_ERROR;
				GCC_WARN_UNDECLARED_SELECTOR = YES;
				GCC_WARN_UNINITIALIZED_AUTOS = YES_AGGRESSIVE;
				GCC_WARN_UNUSED_FUNCTION = YES;
				GCC_WARN_UNUSED_VARIABLE = YES;
				IPHONEOS_DEPLOYMENT_TARGET = 15.0;
				MTL_ENABLE_DEBUG_INFO = INCLUDE_SOURCE;
				MTL_FAST_MATH = YES;
				ONLY_ACTIVE_ARCH = YES;
				SDKROOT = iphoneos;
				SWIFT_ACTIVE_COMPILATION_CONDITIONS = DEBUG;
				SWIFT_OPTIMIZATION_LEVEL = "-Onone";
			};
			name = Debug;
		};
		857BF48027790A84001FCC24 /* Release */ = {
			isa = XCBuildConfiguration;
			buildSettings = {
				ALWAYS_SEARCH_USER_PATHS = NO;
				CLANG_ANALYZER_NONNULL = YES;
				CLANG_ANALYZER_NUMBER_OBJECT_CONVERSION = YES_AGGRESSIVE;
				CLANG_CXX_LANGUAGE_STANDARD = "gnu++17";
				CLANG_CXX_LIBRARY = "libc++";
				CLANG_ENABLE_MODULES = YES;
				CLANG_ENABLE_OBJC_ARC = YES;
				CLANG_ENABLE_OBJC_WEAK = YES;
				CLANG_WARN_BLOCK_CAPTURE_AUTORELEASING = YES;
				CLANG_WARN_BOOL_CONVERSION = YES;
				CLANG_WARN_COMMA = YES;
				CLANG_WARN_CONSTANT_CONVERSION = YES;
				CLANG_WARN_DEPRECATED_OBJC_IMPLEMENTATIONS = YES;
				CLANG_WARN_DIRECT_OBJC_ISA_USAGE = YES_ERROR;
				CLANG_WARN_DOCUMENTATION_COMMENTS = YES;
				CLANG_WARN_EMPTY_BODY = YES;
				CLANG_WARN_ENUM_CONVERSION = YES;
				CLANG_WARN_INFINITE_RECURSION = YES;
				CLANG_WARN_INT_CONVERSION = YES;
				CLANG_WARN_NON_LITERAL_NULL_CONVERSION = YES;
				CLANG_WARN_OBJC_IMPLICIT_RETAIN_SELF = YES;
				CLANG_WARN_OBJC_LITERAL_CONVERSION = YES;
				CLANG_WARN_OBJC_ROOT_CLASS = YES_ERROR;
				CLANG_WARN_QUOTED_INCLUDE_IN_FRAMEWORK_HEADER = YES;
				CLANG_WARN_RANGE_LOOP_ANALYSIS = YES;
				CLANG_WARN_STRICT_PROTOTYPES = YES;
				CLANG_WARN_SUSPICIOUS_MOVE = YES;
				CLANG_WARN_UNGUARDED_AVAILABILITY = YES_AGGRESSIVE;
				CLANG_WARN_UNREACHABLE_CODE = YES;
				CLANG_WARN__DUPLICATE_METHOD_MATCH = YES;
				COPY_PHASE_STRIP = NO;
				DEBUG_INFORMATION_FORMAT = "dwarf-with-dsym";
				ENABLE_NS_ASSERTIONS = NO;
				ENABLE_STRICT_OBJC_MSGSEND = YES;
				GCC_C_LANGUAGE_STANDARD = gnu11;
				GCC_NO_COMMON_BLOCKS = YES;
				GCC_WARN_64_TO_32_BIT_CONVERSION = YES;
				GCC_WARN_ABOUT_RETURN_TYPE = YES_ERROR;
				GCC_WARN_UNDECLARED_SELECTOR = YES;
				GCC_WARN_UNINITIALIZED_AUTOS = YES_AGGRESSIVE;
				GCC_WARN_UNUSED_FUNCTION = YES;
				GCC_WARN_UNUSED_VARIABLE = YES;
				IPHONEOS_DEPLOYMENT_TARGET = 15.0;
				MTL_ENABLE_DEBUG_INFO = NO;
				MTL_FAST_MATH = YES;
				SDKROOT = iphoneos;
				SWIFT_COMPILATION_MODE = wholemodule;
				SWIFT_OPTIMIZATION_LEVEL = "-O";
				VALIDATE_PRODUCT = YES;
			};
			name = Release;
		};
		857BF48227790A84001FCC24 /* Debug */ = {
			isa = XCBuildConfiguration;
			buildSettings = {
				ASSETCATALOG_COMPILER_APPICON_NAME = AppIcon;
				ASSETCATALOG_COMPILER_GLOBAL_ACCENT_COLOR_NAME = AccentColor;
				CODE_SIGN_STYLE = Automatic;
				CURRENT_PROJECT_VERSION = 1;
				DEVELOPMENT_TEAM = 6U56M9YG4Q;
				GENERATE_INFOPLIST_FILE = YES;
				INFOPLIST_FILE = "Sports Application/Info.plist";
				INFOPLIST_KEY_UIApplicationSupportsIndirectInputEvents = YES;
				INFOPLIST_KEY_UILaunchStoryboardName = LaunchScreen;
				INFOPLIST_KEY_UIMainStoryboardFile = Main;
				INFOPLIST_KEY_UISupportedInterfaceOrientations_iPad = "UIInterfaceOrientationPortrait UIInterfaceOrientationPortraitUpsideDown UIInterfaceOrientationLandscapeLeft UIInterfaceOrientationLandscapeRight";
				INFOPLIST_KEY_UISupportedInterfaceOrientations_iPhone = "UIInterfaceOrientationPortrait UIInterfaceOrientationLandscapeLeft UIInterfaceOrientationLandscapeRight";
				LD_RUNPATH_SEARCH_PATHS = (
					"$(inherited)",
					"@executable_path/Frameworks",
				);
				MARKETING_VERSION = 1.0;
				PRODUCT_BUNDLE_IDENTIFIER = "Safa.Sports-Application";
				PRODUCT_NAME = "$(TARGET_NAME)";
				SWIFT_EMIT_LOC_STRINGS = YES;
				SWIFT_VERSION = 5.0;
				TARGETED_DEVICE_FAMILY = "1,2";
			};
			name = Debug;
		};
		857BF48327790A84001FCC24 /* Release */ = {
			isa = XCBuildConfiguration;
			buildSettings = {
				ASSETCATALOG_COMPILER_APPICON_NAME = AppIcon;
				ASSETCATALOG_COMPILER_GLOBAL_ACCENT_COLOR_NAME = AccentColor;
				CODE_SIGN_STYLE = Automatic;
				CURRENT_PROJECT_VERSION = 1;
				DEVELOPMENT_TEAM = 6U56M9YG4Q;
				GENERATE_INFOPLIST_FILE = YES;
				INFOPLIST_FILE = "Sports Application/Info.plist";
				INFOPLIST_KEY_UIApplicationSupportsIndirectInputEvents = YES;
				INFOPLIST_KEY_UILaunchStoryboardName = LaunchScreen;
				INFOPLIST_KEY_UIMainStoryboardFile = Main;
				INFOPLIST_KEY_UISupportedInterfaceOrientations_iPad = "UIInterfaceOrientationPortrait UIInterfaceOrientationPortraitUpsideDown UIInterfaceOrientationLandscapeLeft UIInterfaceOrientationLandscapeRight";
				INFOPLIST_KEY_UISupportedInterfaceOrientations_iPhone = "UIInterfaceOrientationPortrait UIInterfaceOrientationLandscapeLeft UIInterfaceOrientationLandscapeRight";
				LD_RUNPATH_SEARCH_PATHS = (
					"$(inherited)",
					"@executable_path/Frameworks",
				);
				MARKETING_VERSION = 1.0;
				PRODUCT_BUNDLE_IDENTIFIER = "Safa.Sports-Application";
				PRODUCT_NAME = "$(TARGET_NAME)";
				SWIFT_EMIT_LOC_STRINGS = YES;
				SWIFT_VERSION = 5.0;
				TARGETED_DEVICE_FAMILY = "1,2";
			};
			name = Release;
		};
/* End XCBuildConfiguration section */

/* Begin XCConfigurationList section */
		857BF46527790A7F001FCC24 /* Build configuration list for PBXProject "Sports Application" */ = {
			isa = XCConfigurationList;
			buildConfigurations = (
				857BF47F27790A84001FCC24 /* Debug */,
				857BF48027790A84001FCC24 /* Release */,
			);
			defaultConfigurationIsVisible = 0;
			defaultConfigurationName = Release;
		};
		857BF48127790A84001FCC24 /* Build configuration list for PBXNativeTarget "Sports Application" */ = {
			isa = XCConfigurationList;
			buildConfigurations = (
				857BF48227790A84001FCC24 /* Debug */,
				857BF48327790A84001FCC24 /* Release */,
			);
			defaultConfigurationIsVisible = 0;
			defaultConfigurationName = Release;
		};
/* End XCConfigurationList section */

/* Begin XCVersionGroup section */
		857BF47627790A7F001FCC24 /* Sports_Application.xcdatamodeld */ = {
			isa = XCVersionGroup;
			children = (
				857BF47727790A7F001FCC24 /* Sports_Application.xcdatamodel */,
			);
			currentVersion = 857BF47727790A7F001FCC24 /* Sports_Application.xcdatamodel */;
			path = Sports_Application.xcdatamodeld;
			sourceTree = "<group>";
			versionGroupType = wrapper.xcdatamodel;
		};
/* End XCVersionGroup section */
	};
	rootObject = 857BF46227790A7F001FCC24 /* Project object */;
}
